<?xml version="1.0" encoding="utf-8"?>
<Project ToolsVersion="4.0" xmlns="http://schemas.microsoft.com/developer/msbuild/2003">
  <ItemGroup>
    <Filter Include="src">
      <UniqueIdentifier>{4FC737F1-C7A5-4376-A066-2A32D752A2FF}</UniqueIdentifier>
      <Extensions>cpp;c;cc;cxx;def;odl;idl;hpj;bat;asm;asmx</Extensions>
    </Filter>
    <Filter Include="ned">
      <UniqueIdentifier>{1d86e783-2348-4c4e-a2c3-f3d527219453}</UniqueIdentifier>
    </Filter>
    <Filter Include="allocator">
      <UniqueIdentifier>{7577fc36-8fdc-488b-b219-fc04e987b671}</UniqueIdentifier>
    </Filter>
  </ItemGroup>
  <ItemGroup>
    <ClCompile Include="main.cpp">
      <Filter>src</Filter>
    </ClCompile>
    <ClCompile Include="nedmalloc.c">
      <Filter>ned</Filter>
    </ClCompile>
    <ClCompile Include="small_block_allocator.cpp">
      <Filter>allocator</Filter>
    </ClCompile>
    <ClCompile Include="large_block_allocator.cpp">
      <Filter>allocator</Filter>
    </ClCompile>
  </ItemGroup>
  <ItemGroup>
    <ClInclude Include="malloc.c.h">
      <Filter>ned</Filter>
    </ClInclude>
    <ClInclude Include="nedmalloc.h">
      <Filter>ned</Filter>
    </ClInclude>
    <ClInclude Include="small_block_allocator.hpp">
      <Filter>allocator</Filter>
    </ClInclude>
    <ClInclude Include="large_block_allocator.hpp">
      <Filter>allocator</Filter>
    </ClInclude>
    <ClInclude Include="common.hpp">
      <Filter>src</Filter>
    </ClInclude>
  </ItemGroup>
</Project>